<?xml version="1.0" encoding="utf-8"?>
<Project ToolsVersion="4.0" xmlns="http://schemas.microsoft.com/developer/msbuild/2003">
  <ItemGroup>
    <Filter Include="Core">
      <UniqueIdentifier>{c9feb04c-22c4-4f6c-80f2-6845e622cf26}</UniqueIdentifier>
    </Filter>
    <Filter Include="Stubs">
      <UniqueIdentifier>{f5aa492d-fbbf-40eb-be82-3f0ebd1a1ff8}</UniqueIdentifier>
    </Filter>
    <Filter Include="libraries">
      <UniqueIdentifier>{705c18de-5c57-4fb6-a4eb-0ba08965f4b1}</UniqueIdentifier>
    </Filter>
    <Filter Include="libraries\imgui">
      <UniqueIdentifier>{5c8faf03-bf2c-44df-b5a2-f7cb2459cd98}</UniqueIdentifier>
    </Filter>
    <Filter Include="fields_engine">
      <UniqueIdentifier>{9d518fa3-b6d7-462a-8e20-705f9ea5ffc5}</UniqueIdentifier>
    </Filter>
  </ItemGroup>
  <ItemGroup>
    <ClCompile Include="libraries\includes\imGui\imgui.cpp">
      <Filter>libraries\imgui</Filter>
    </ClCompile>
    <ClCompile Include="libraries\includes\imGui\imgui_demo.cpp">
      <Filter>libraries\imgui</Filter>
    </ClCompile>
    <ClCompile Include="libraries\includes\imGui\imgui_draw.cpp">
      <Filter>libraries\imgui</Filter>
    </ClCompile>
    <ClCompile Include="libraries\includes\imGui\imgui_impl_glfw.cpp">
      <Filter>libraries\imgui</Filter>
    </ClCompile>
    <ClCompile Include="libraries\includes\imGui\imgui_impl_opengl3.cpp">
      <Filter>libraries\imgui</Filter>
    </ClCompile>
    <ClCompile Include="libraries\includes\imGui\imgui_stdlib.cpp">
      <Filter>libraries\imgui</Filter>
    </ClCompile>
    <ClCompile Include="libraries\includes\imGui\imgui_tables.cpp">
      <Filter>libraries\imgui</Filter>
    </ClCompile>
    <ClCompile Include="libraries\includes\imGui\imgui_widgets.cpp">
      <Filter>libraries\imgui</Filter>
    </ClCompile>
    <ClCompile Include="libraries\glad.cpp">
      <Filter>libraries</Filter>
    </ClCompile>
    <ClCompile Include="source\stubs\stub.cpp">
      <Filter>Stubs</Filter>
    </ClCompile>
    <ClCompile Include="source\application.cpp" />
    <ClCompile Include="source\editor.cpp" />
    <ClCompile Include="source\editor_icons.cpp" />
    <ClCompile Include="source\editor_icons_all.cpp" />
    <ClCompile Include="source\editor_window.cpp" />
    <ClCompile Include="source\graphics.cpp" />
    <ClCompile Include="source\input.cpp" />
    <ClCompile Include="source\log.cpp" />
    <ClCompile Include="source\main.cpp" />
    <ClCompile Include="source\precompiled.cpp" />
    <ClCompile Include="source\shader.cpp" />
    <ClCompile Include="source\text.cpp" />
    <ClCompile Include="source\window.cpp" />
    <ClCompile Include="source\mesh.cpp" />
    <ClCompile Include="source\scene.cpp" />
  </ItemGroup>
  <ItemGroup>
    <ClInclude Include="libraries\includes\imGui\imconfig.h">
      <Filter>libraries\imgui</Filter>
    </ClInclude>
    <ClInclude Include="libraries\includes\imGui\imgui.h">
      <Filter>libraries\imgui</Filter>
    </ClInclude>
    <ClInclude Include="libraries\includes\imGui\imgui_impl_glfw.h">
      <Filter>libraries\imgui</Filter>
    </ClInclude>
    <ClInclude Include="libraries\includes\imGui\imgui_impl_opengl3.h">
      <Filter>libraries\imgui</Filter>
    </ClInclude>
    <ClInclude Include="libraries\includes\imGui\imgui_impl_opengl3_loader.h">
      <Filter>libraries\imgui</Filter>
    </ClInclude>
    <ClInclude Include="libraries\includes\imGui\imgui_internal.h">
      <Filter>libraries\imgui</Filter>
    </ClInclude>
    <ClInclude Include="libraries\includes\imGui\imgui_stdlib.h">
      <Filter>libraries\imgui</Filter>
    </ClInclude>
    <ClInclude Include="libraries\includes\imGui\imstb_rectpack.h">
      <Filter>libraries\imgui</Filter>
    </ClInclude>
    <ClInclude Include="libraries\includes\imGui\imstb_textedit.h">
      <Filter>libraries\imgui</Filter>
    </ClInclude>
    <ClInclude Include="libraries\includes\imGui\imstb_truetype.h">
      <Filter>libraries\imgui</Filter>
    </ClInclude>
    <ClInclude Include="source\stubs\stub.h">
      <Filter>Stubs</Filter>
    </ClInclude>
    <ClInclude Include="source\application.h" />
    <ClInclude Include="source\editor.h" />
    <ClInclude Include="source\editor_icons.h" />
    <ClInclude Include="source\editor_icons_all.h" />
    <ClInclude Include="source\editor_window.h" />
    <ClInclude Include="source\graphics.h" />
    <ClInclude Include="source\input.h" />
    <ClInclude Include="source\log.h" />
    <ClInclude Include="source\precompiled.h" />
    <ClInclude Include="source\shader.h" />
    <ClInclude Include="source\text.h" />
    <ClInclude Include="source\window.h" />
    <ClInclude Include="source\context.h" />
    <ClInclude Include="source\error.h" />
    <ClInclude Include="source\mesh.h" />
    <ClInclude Include="source\scene.h" />
  </ItemGroup>
</Project>